
Microsoft Visual Studio Solution File, Format Version 12.00
# Visual Studio Version 17
VisualStudioVersion = 17.0.31903.59
MinimumVisualStudioVersion = 10.0.40219.1
Project("{FAE04EC0-301F-11D3-BF4B-00C04F79EFBC}") = "Greeter", "Greeter\Greeter.csproj", "{FEDD90AB-0747-4947-84AE-38EA3BFF9D4C}"
EndProject
Project("{FAE04EC0-301F-11D3-BF4B-00C04F79EFBC}") = "Greeter.Tests", "Greeter.Tests\Greeter.Tests.csproj", "{F305EED1-FCEF-4586-8CC2-6AD19573AE8F}"
EndProject
Global
	GlobalSection(SolutionConfigurationPlatforms) = preSolution
		Debug|Any CPU = Debug|Any CPU
		Debug|x64 = Debug|x64
		Debug|x86 = Debug|x86
		Release|Any CPU = Release|Any CPU
		Release|x64 = Release|x64
		Release|x86 = Release|x86
	EndGlobalSection
	GlobalSection(ProjectConfigurationPlatforms) = postSolution
		{FEDD90AB-0747-4947-84AE-38EA3BFF9D4C}.Debug|Any CPU.ActiveCfg = Debug|Any CPU
		{FEDD90AB-0747-4947-84AE-38EA3BFF9D4C}.Debug|Any CPU.Build.0 = Debug|Any CPU
		{FEDD90AB-0747-4947-84AE-38EA3BFF9D4C}.Debug|x64.ActiveCfg = Debug|Any CPU
		{FEDD90AB-0747-4947-84AE-38EA3BFF9D4C}.Debug|x64.Build.0 = Debug|Any CPU
		{FEDD90AB-0747-4947-84AE-38EA3BFF9D4C}.Debug|x86.ActiveCfg = Debug|Any CPU
		{FEDD90AB-0747-4947-84AE-38EA3BFF9D4C}.Debug|x86.Build.0 = Debug|Any CPU
		{FEDD90AB-0747-4947-84AE-38EA3BFF9D4C}.Release|Any CPU.ActiveCfg = Release|Any CPU
		{FEDD90AB-0747-4947-84AE-38EA3BFF9D4C}.Release|Any CPU.Build.0 = Release|Any CPU
		{FEDD90AB-0747-4947-84AE-38EA3BFF9D4C}.Release|x64.ActiveCfg = Release|Any CPU
		{FEDD90AB-0747-4947-84AE-38EA3BFF9D4C}.Release|x64.Build.0 = Release|Any CPU
		{FEDD90AB-0747-4947-84AE-38EA3BFF9D4C}.Release|x86.ActiveCfg = Release|Any CPU
		{FEDD90AB-0747-4947-84AE-38EA3BFF9D4C}.Release|x86.Build.0 = Release|Any CPU
		{F305EED1-FCEF-4586-8CC2-6AD19573AE8F}.Debug|Any CPU.ActiveCfg = Debug|Any CPU
		{F305EED1-FCEF-4586-8CC2-6AD19573AE8F}.Debug|Any CPU.Build.0 = Debug|Any CPU
		{F305EED1-FCEF-4586-8CC2-6AD19573AE8F}.Debug|x64.ActiveCfg = Debug|Any CPU
		{F305EED1-FCEF-4586-8CC2-6AD19573AE8F}.Debug|x64.Build.0 = Debug|Any CPU
		{F305EED1-FCEF-4586-8CC2-6AD19573AE8F}.Debug|x86.ActiveCfg = Debug|Any CPU
		{F305EED1-FCEF-4586-8CC2-6AD19573AE8F}.Debug|x86.Build.0 = Debug|Any CPU
		{F305EED1-FCEF-4586-8CC2-6AD19573AE8F}.Release|Any CPU.ActiveCfg = Release|Any CPU
		{F305EED1-FCEF-4586-8CC2-6AD19573AE8F}.Release|Any CPU.Build.0 = Release|Any CPU
		{F305EED1-FCEF-4586-8CC2-6AD19573AE8F}.Release|x64.ActiveCfg = Release|Any CPU
		{F305EED1-FCEF-4586-8CC2-6AD19573AE8F}.Release|x64.Build.0 = Release|Any CPU
		{F305EED1-FCEF-4586-8CC2-6AD19573AE8F}.Release|x86.ActiveCfg = Release|Any CPU
		{F305EED1-FCEF-4586-8CC2-6AD19573AE8F}.Release|x86.Build.0 = Release|Any CPU
	EndGlobalSection
	GlobalSection(SolutionProperties) = preSolution
		HideSolutionNode = FALSE
	EndGlobalSection
EndGlobal
